
Microsoft Visual Studio Solution File, Format Version 12.00
# Visual Studio Express 2013 for Windows Desktop
VisualStudioVersion = 12.0.21005.1
MinimumVisualStudioVersion = 10.0.40219.1
Project("{FAE04EC0-301F-11D3-BF4B-00C04F79EFBC}") = "Simple", "Simple\Simple.csproj", "{DE8E0EA5-73E5-4D72-B4BC-700DB6CDF807}"
	ProjectSection(ProjectDependencies) = postProject
		{841BB23D-118C-437D-A846-B3E4B0630209} = {841BB23D-118C-437D-A846-B3E4B0630209}
		{3200E456-E4C2-4A2F-913B-D2134965C62D} = {3200E456-E4C2-4A2F-913B-D2134965C62D}
	EndProjectSection
EndProject
Project("{FAE04EC0-301F-11D3-BF4B-00C04F79EFBC}") = "Test", "Test\Test.csproj", "{FB9264FF-AB50-4F9B-B009-9DD0F3134F29}"
	ProjectSection(ProjectDependencies) = postProject
		{841BB23D-118C-437D-A846-B3E4B0630209} = {841BB23D-118C-437D-A846-B3E4B0630209}
	EndProjectSection
EndProject
Project("{FAE04EC0-301F-11D3-BF4B-00C04F79EFBC}") = "TestRunner", "TestRunner\TestRunner.csproj", "{33884D67-B0B1-4793-B9E6-1A47B5E2CE63}"
EndProject
Project("{2150E333-8FDC-42A3-9474-1A3956D46DE8}") = ".nuget", ".nuget", "{C57060BE-E085-483B-BA6D-5F6A7D0E5100}"
	ProjectSection(SolutionItems) = preProject
		.nuget\packages.config = .nuget\packages.config
	EndProjectSection
EndProject
Project("{FAE04EC0-301F-11D3-BF4B-00C04F79EFBC}") = "NMPUtil.MsgPack", "NMPUtil.MsgPack\NMPUtil.MsgPack.csproj", "{841BB23D-118C-437D-A846-B3E4B0630209}"
EndProject
Project("{FAE04EC0-301F-11D3-BF4B-00C04F79EFBC}") = "NMPUtil.MsgPack.Rpc", "NMPUtil.MsgPack.Rpc\NMPUtil.MsgPack.Rpc.csproj", "{3200E456-E4C2-4A2F-913B-D2134965C62D}"
EndProject
Global
	GlobalSection(SolutionConfigurationPlatforms) = preSolution
		Debug|Any CPU = Debug|Any CPU
		Release|Any CPU = Release|Any CPU
	EndGlobalSection
	GlobalSection(ProjectConfigurationPlatforms) = postSolution
		{DE8E0EA5-73E5-4D72-B4BC-700DB6CDF807}.Debug|Any CPU.ActiveCfg = Debug|Any CPU
		{DE8E0EA5-73E5-4D72-B4BC-700DB6CDF807}.Debug|Any CPU.Build.0 = Debug|Any CPU
		{DE8E0EA5-73E5-4D72-B4BC-700DB6CDF807}.Release|Any CPU.ActiveCfg = Release|Any CPU
		{DE8E0EA5-73E5-4D72-B4BC-700DB6CDF807}.Release|Any CPU.Build.0 = Release|Any CPU
		{FB9264FF-AB50-4F9B-B009-9DD0F3134F29}.Debug|Any CPU.ActiveCfg = Debug|Any CPU
		{FB9264FF-AB50-4F9B-B009-9DD0F3134F29}.Debug|Any CPU.Build.0 = Debug|Any CPU
		{FB9264FF-AB50-4F9B-B009-9DD0F3134F29}.Release|Any CPU.ActiveCfg = Release|Any CPU
		{FB9264FF-AB50-4F9B-B009-9DD0F3134F29}.Release|Any CPU.Build.0 = Release|Any CPU
		{33884D67-B0B1-4793-B9E6-1A47B5E2CE63}.Debug|Any CPU.ActiveCfg = Debug|Any CPU
		{33884D67-B0B1-4793-B9E6-1A47B5E2CE63}.Debug|Any CPU.Build.0 = Debug|Any CPU
		{33884D67-B0B1-4793-B9E6-1A47B5E2CE63}.Release|Any CPU.ActiveCfg = Release|Any CPU
		{33884D67-B0B1-4793-B9E6-1A47B5E2CE63}.Release|Any CPU.Build.0 = Release|Any CPU
		{841BB23D-118C-437D-A846-B3E4B0630209}.Debug|Any CPU.ActiveCfg = Debug|Any CPU
		{841BB23D-118C-437D-A846-B3E4B0630209}.Debug|Any CPU.Build.0 = Debug|Any CPU
		{841BB23D-118C-437D-A846-B3E4B0630209}.Release|Any CPU.ActiveCfg = Release|Any CPU
		{841BB23D-118C-437D-A846-B3E4B0630209}.Release|Any CPU.Build.0 = Release|Any CPU
		{3200E456-E4C2-4A2F-913B-D2134965C62D}.Debug|Any CPU.ActiveCfg = Debug|Any CPU
		{3200E456-E4C2-4A2F-913B-D2134965C62D}.Debug|Any CPU.Build.0 = Debug|Any CPU
		{3200E456-E4C2-4A2F-913B-D2134965C62D}.Release|Any CPU.ActiveCfg = Release|Any CPU
		{3200E456-E4C2-4A2F-913B-D2134965C62D}.Release|Any CPU.Build.0 = Release|Any CPU
	EndGlobalSection
	GlobalSection(SolutionProperties) = preSolution
		HideSolutionNode = FALSE
	EndGlobalSection
EndGlobal
